
Microsoft Visual Studio Solution File, Format Version 12.00
# Visual Studio Version 17
VisualStudioVersion = 17.14.36212.18
MinimumVisualStudioVersion = 10.0.40219.1
Project("{FAE04EC0-301F-11D3-BF4B-00C04F79EFBC}") = "EFCoreProject", "EFCoreProject\EFCoreProject.csproj", "{C9CF8DC0-3312-49E9-B65F-6750498C89A6}"
EndProject
Project("{FAE04EC0-301F-11D3-BF4B-00C04F79EFBC}") = "SolveChallenge", "SolveChallenge\SolveChallenge.csproj", "{91670CBC-2FB8-4AF4-8381-1003153318F1}"
EndProject
Global
	GlobalSection(SolutionConfigurationPlatforms) = preSolution
		Debug|Any CPU = Debug|Any CPU
		Release|Any CPU = Release|Any CPU
	EndGlobalSection
	GlobalSection(ProjectConfigurationPlatforms) = postSolution
		{C9CF8DC0-3312-49E9-B65F-6750498C89A6}.Debug|Any CPU.ActiveCfg = Debug|Any CPU
		{C9CF8DC0-3312-49E9-B65F-6750498C89A6}.Debug|Any CPU.Build.0 = Debug|Any CPU
		{C9CF8DC0-3312-49E9-B65F-6750498C89A6}.Release|Any CPU.ActiveCfg = Release|Any CPU
		{C9CF8DC0-3312-49E9-B65F-6750498C89A6}.Release|Any CPU.Build.0 = Release|Any CPU
		{91670CBC-2FB8-4AF4-8381-1003153318F1}.Debug|Any CPU.ActiveCfg = Debug|Any CPU
		{91670CBC-2FB8-4AF4-8381-1003153318F1}.Debug|Any CPU.Build.0 = Debug|Any CPU
		{91670CBC-2FB8-4AF4-8381-1003153318F1}.Release|Any CPU.ActiveCfg = Release|Any CPU
		{91670CBC-2FB8-4AF4-8381-1003153318F1}.Release|Any CPU.Build.0 = Release|Any CPU
	EndGlobalSection
	GlobalSection(SolutionProperties) = preSolution
		HideSolutionNode = FALSE
	EndGlobalSection
	GlobalSection(ExtensibilityGlobals) = postSolution
		SolutionGuid = {73DA5745-78ED-4E2C-A229-D044944F695B}
	EndGlobalSection
EndGlobal
